// !$*UTF8*$!
{
	archiveVersion = 1;
	classes = {
	};
	objectVersion = 55;
	objects = {

/* Begin PBXBuildFile section */
		8E25E638275401FF00B9E876 /* ListContent.swift in Sources */ = {isa = PBXBuildFile; fileRef = 8E25E637275401FF00B9E876 /* ListContent.swift */; };
		8E25E63A2754045500B9E876 /* ListContentTableViewCell.swift in Sources */ = {isa = PBXBuildFile; fileRef = 8E25E6392754045500B9E876 /* ListContentTableViewCell.swift */; };
		8E25E63C27542E5900B9E876 /* detailsScreen.swift in Sources */ = {isa = PBXBuildFile; fileRef = 8E25E63B27542E5900B9E876 /* detailsScreen.swift */; };
		8E31B28827AFB47B00257689 /* GoogleService-Info.plist in Resources */ = {isa = PBXBuildFile; fileRef = 8E31B28727AFB47B00257689 /* GoogleService-Info.plist */; };
		8E31B28B27AFC09200257689 /* FirebaseAnalytics in Frameworks */ = {isa = PBXBuildFile; productRef = 8E31B28A27AFC09200257689 /* FirebaseAnalytics */; };
		8E31B28D27AFC09200257689 /* FirebaseAnalyticsWithoutAdIdSupport in Frameworks */ = {isa = PBXBuildFile; productRef = 8E31B28C27AFC09200257689 /* FirebaseAnalyticsWithoutAdIdSupport */; };
		8E31B28F27AFC09300257689 /* FirebaseAuth in Frameworks */ = {isa = PBXBuildFile; productRef = 8E31B28E27AFC09300257689 /* FirebaseAuth */; };
		8E31B29127AFC09300257689 /* FirebaseFirestore in Frameworks */ = {isa = PBXBuildFile; productRef = 8E31B29027AFC09300257689 /* FirebaseFirestore */; };
		8E91E43827AE4E00006AB922 /* SignUpViewController.swift in Sources */ = {isa = PBXBuildFile; fileRef = 8E91E43727AE4E00006AB922 /* SignUpViewController.swift */; };
		8E91E43A27AE4E13006AB922 /* LoginViewController.swift in Sources */ = {isa = PBXBuildFile; fileRef = 8E91E43927AE4E13006AB922 /* LoginViewController.swift */; };
		8E91E43C27AE4FDF006AB922 /* HomeViewController.swift in Sources */ = {isa = PBXBuildFile; fileRef = 8E91E43B27AE4FDF006AB922 /* HomeViewController.swift */; };
		8E91E43F27AE5CD3006AB922 /* Utilities.swift in Sources */ = {isa = PBXBuildFile; fileRef = 8E91E43E27AE5CD3006AB922 /* Utilities.swift */; };
		8E91E44127AE5CDC006AB922 /* Constants.swift in Sources */ = {isa = PBXBuildFile; fileRef = 8E91E44027AE5CDC006AB922 /* Constants.swift */; };
		8E91E44627AE60BA006AB922 /* WelcomeViewController.swift in Sources */ = {isa = PBXBuildFile; fileRef = 8E91E44527AE60BA006AB922 /* WelcomeViewController.swift */; };
		8EF6621127497332004EF648 /* AppDelegate.swift in Sources */ = {isa = PBXBuildFile; fileRef = 8EF6621027497332004EF648 /* AppDelegate.swift */; };
		8EF6621327497332004EF648 /* SceneDelegate.swift in Sources */ = {isa = PBXBuildFile; fileRef = 8EF6621227497332004EF648 /* SceneDelegate.swift */; };
		8EF6621527497332004EF648 /* ViewController.swift in Sources */ = {isa = PBXBuildFile; fileRef = 8EF6621427497332004EF648 /* ViewController.swift */; };
		8EF6621827497332004EF648 /* Main.storyboard in Resources */ = {isa = PBXBuildFile; fileRef = 8EF6621627497332004EF648 /* Main.storyboard */; };
		8EF6621A27497333004EF648 /* Assets.xcassets in Resources */ = {isa = PBXBuildFile; fileRef = 8EF6621927497333004EF648 /* Assets.xcassets */; };
		8EF6621D27497333004EF648 /* LaunchScreen.storyboard in Resources */ = {isa = PBXBuildFile; fileRef = 8EF6621B27497333004EF648 /* LaunchScreen.storyboard */; };
/* End PBXBuildFile section */

/* Begin PBXFileReference section */
		8E25E637275401FF00B9E876 /* ListContent.swift */ = {isa = PBXFileReference; lastKnownFileType = sourcecode.swift; path = ListContent.swift; sourceTree = "<group>"; };
		8E25E6392754045500B9E876 /* ListContentTableViewCell.swift */ = {isa = PBXFileReference; lastKnownFileType = sourcecode.swift; path = ListContentTableViewCell.swift; sourceTree = "<group>"; };
		8E25E63B27542E5900B9E876 /* detailsScreen.swift */ = {isa = PBXFileReference; lastKnownFileType = sourcecode.swift; path = detailsScreen.swift; sourceTree = "<group>"; };
		8E31B28727AFB47B00257689 /* GoogleService-Info.plist */ = {isa = PBXFileReference; fileEncoding = 4; lastKnownFileType = text.plist.xml; path = "GoogleService-Info.plist"; sourceTree = "<group>"; };
		8E91E43727AE4E00006AB922 /* SignUpViewController.swift */ = {isa = PBXFileReference; lastKnownFileType = sourcecode.swift; path = SignUpViewController.swift; sourceTree = "<group>"; };
		8E91E43927AE4E13006AB922 /* LoginViewController.swift */ = {isa = PBXFileReference; lastKnownFileType = sourcecode.swift; path = LoginViewController.swift; sourceTree = "<group>"; };
		8E91E43B27AE4FDF006AB922 /* HomeViewController.swift */ = {isa = PBXFileReference; lastKnownFileType = sourcecode.swift; path = HomeViewController.swift; sourceTree = "<group>"; };
		8E91E43E27AE5CD3006AB922 /* Utilities.swift */ = {isa = PBXFileReference; fileEncoding = 4; lastKnownFileType = sourcecode.swift; path = Utilities.swift; sourceTree = "<group>"; };
		8E91E44027AE5CDC006AB922 /* Constants.swift */ = {isa = PBXFileReference; fileEncoding = 4; lastKnownFileType = sourcecode.swift; path = Constants.swift; sourceTree = "<group>"; };
		8E91E44527AE60BA006AB922 /* WelcomeViewController.swift */ = {isa = PBXFileReference; lastKnownFileType = sourcecode.swift; name = WelcomeViewController.swift; path = ../WelcomeViewController.swift; sourceTree = "<group>"; };
		8EF6620D27497332004EF648 /* EdmontonXplore.app */ = {isa = PBXFileReference; explicitFileType = wrapper.application; includeInIndex = 0; path = EdmontonXplore.app; sourceTree = BUILT_PRODUCTS_DIR; };
		8EF6621027497332004EF648 /* AppDelegate.swift */ = {isa = PBXFileReference; lastKnownFileType = sourcecode.swift; path = AppDelegate.swift; sourceTree = "<group>"; };
		8EF6621227497332004EF648 /* SceneDelegate.swift */ = {isa = PBXFileReference; lastKnownFileType = sourcecode.swift; path = SceneDelegate.swift; sourceTree = "<group>"; };
		8EF6621427497332004EF648 /* ViewController.swift */ = {isa = PBXFileReference; lastKnownFileType = sourcecode.swift; path = ViewController.swift; sourceTree = "<group>"; };
		8EF6621727497332004EF648 /* Base */ = {isa = PBXFileReference; lastKnownFileType = file.storyboard; name = Base; path = Base.lproj/Main.storyboard; sourceTree = "<group>"; };
		8EF6621927497333004EF648 /* Assets.xcassets */ = {isa = PBXFileReference; lastKnownFileType = folder.assetcatalog; path = Assets.xcassets; sourceTree = "<group>"; };
		8EF6621C27497333004EF648 /* Base */ = {isa = PBXFileReference; lastKnownFileType = file.storyboard; name = Base; path = Base.lproj/LaunchScreen.storyboard; sourceTree = "<group>"; };
		8EF6621E27497333004EF648 /* Info.plist */ = {isa = PBXFileReference; lastKnownFileType = text.plist.xml; path = Info.plist; sourceTree = "<group>"; };
/* End PBXFileReference section */

/* Begin PBXFrameworksBuildPhase section */
		8EF6620A27497332004EF648 /* Frameworks */ = {
			isa = PBXFrameworksBuildPhase;
			buildActionMask = 2147483647;
			files = (
				8E31B28B27AFC09200257689 /* FirebaseAnalytics in Frameworks */,
				8E31B29127AFC09300257689 /* FirebaseFirestore in Frameworks */,
				8E31B28F27AFC09300257689 /* FirebaseAuth in Frameworks */,
				8E31B28D27AFC09200257689 /* FirebaseAnalyticsWithoutAdIdSupport in Frameworks */,
			);
			runOnlyForDeploymentPostprocessing = 0;
		};
/* End PBXFrameworksBuildPhase section */

/* Begin PBXGroup section */
		8E91E43D27AE5C55006AB922 /* View Controllers */ = {
			isa = PBXGroup;
			children = (
				8E25E6392754045500B9E876 /* ListContentTableViewCell.swift */,
				8E25E63B27542E5900B9E876 /* detailsScreen.swift */,
				8E91E43727AE4E00006AB922 /* SignUpViewController.swift */,
				8E25E637275401FF00B9E876 /* ListContent.swift */,
				8EF6621427497332004EF648 /* ViewController.swift */,
				8E91E43B27AE4FDF006AB922 /* HomeViewController.swift */,
				8E91E43927AE4E13006AB922 /* LoginViewController.swift */,
				8E91E44527AE60BA006AB922 /* WelcomeViewController.swift */,
			);
			path = "View Controllers";
			sourceTree = "<group>";
		};
		8E91E44227AE5CE1006AB922 /* Helpers */ = {
			isa = PBXGroup;
			children = (
				8E91E43E27AE5CD3006AB922 /* Utilities.swift */,
				8E91E44027AE5CDC006AB922 /* Constants.swift */,
			);
			path = Helpers;
			sourceTree = "<group>";
		};
		8EF6620427497332004EF648 = {
			isa = PBXGroup;
			children = (
				8EF6620F27497332004EF648 /* EdmontonXplore */,
				8EF6620E27497332004EF648 /* Products */,
			);
			sourceTree = "<group>";
		};
		8EF6620E27497332004EF648 /* Products */ = {
			isa = PBXGroup;
			children = (
				8EF6620D27497332004EF648 /* EdmontonXplore.app */,
			);
			name = Products;
			sourceTree = "<group>";
		};
		8EF6620F27497332004EF648 /* EdmontonXplore */ = {
			isa = PBXGroup;
			children = (
				8EF6621027497332004EF648 /* AppDelegate.swift */,
				8EF6621227497332004EF648 /* SceneDelegate.swift */,
				8E91E44227AE5CE1006AB922 /* Helpers */,
				8E91E43D27AE5C55006AB922 /* View Controllers */,
				8EF6621627497332004EF648 /* Main.storyboard */,
				8EF6621927497333004EF648 /* Assets.xcassets */,
				8EF6621B27497333004EF648 /* LaunchScreen.storyboard */,
				8EF6621E27497333004EF648 /* Info.plist */,
				8E31B28727AFB47B00257689 /* GoogleService-Info.plist */,
			);
			path = EdmontonXplore;
			sourceTree = "<group>";
		};
/* End PBXGroup section */

/* Begin PBXNativeTarget section */
		8EF6620C27497332004EF648 /* EdmontonXplore */ = {
			isa = PBXNativeTarget;
			buildConfigurationList = 8EF6622127497333004EF648 /* Build configuration list for PBXNativeTarget "EdmontonXplore" */;
			buildPhases = (
				8EF6620927497332004EF648 /* Sources */,
				8EF6620A27497332004EF648 /* Frameworks */,
				8EF6620B27497332004EF648 /* Resources */,
			);
			buildRules = (
			);
			dependencies = (
			);
			name = EdmontonXplore;
			packageProductDependencies = (
				8E31B28A27AFC09200257689 /* FirebaseAnalytics */,
				8E31B28C27AFC09200257689 /* FirebaseAnalyticsWithoutAdIdSupport */,
				8E31B28E27AFC09300257689 /* FirebaseAuth */,
				8E31B29027AFC09300257689 /* FirebaseFirestore */,
			);
			productName = EdmontonXplore;
			productReference = 8EF6620D27497332004EF648 /* EdmontonXplore.app */;
			productType = "com.apple.product-type.application";
		};
/* End PBXNativeTarget section */

/* Begin PBXProject section */
		8EF6620527497332004EF648 /* Project object */ = {
			isa = PBXProject;
			attributes = {
				BuildIndependentTargetsInParallel = 1;
				LastSwiftUpdateCheck = 1300;
				LastUpgradeCheck = 1300;
				TargetAttributes = {
					8EF6620C27497332004EF648 = {
						CreatedOnToolsVersion = 13.0;
					};
				};
			};
			buildConfigurationList = 8EF6620827497332004EF648 /* Build configuration list for PBXProject "EdmontonXplore" */;
			compatibilityVersion = "Xcode 13.0";
			developmentRegion = en;
			hasScannedForEncodings = 0;
			knownRegions = (
				en,
				Base,
			);
			mainGroup = 8EF6620427497332004EF648;
			packageReferences = (
				8E31B28927AFC09200257689 /* XCRemoteSwiftPackageReference "firebase-ios-sdk" */,
			);
			productRefGroup = 8EF6620E27497332004EF648 /* Products */;
			projectDirPath = "";
			projectRoot = "";
			targets = (
				8EF6620C27497332004EF648 /* EdmontonXplore */,
			);
		};
/* End PBXProject section */

/* Begin PBXResourcesBuildPhase section */
		8EF6620B27497332004EF648 /* Resources */ = {
			isa = PBXResourcesBuildPhase;
			buildActionMask = 2147483647;
			files = (
				8EF6621D27497333004EF648 /* LaunchScreen.storyboard in Resources */,
				8E31B28827AFB47B00257689 /* GoogleService-Info.plist in Resources */,
				8EF6621A27497333004EF648 /* Assets.xcassets in Resources */,
				8EF6621827497332004EF648 /* Main.storyboard in Resources */,
			);
			runOnlyForDeploymentPostprocessing = 0;
		};
/* End PBXResourcesBuildPhase section */

/* Begin PBXSourcesBuildPhase section */
		8EF6620927497332004EF648 /* Sources */ = {
			isa = PBXSourcesBuildPhase;
			buildActionMask = 2147483647;
			files = (
				8E25E63C27542E5900B9E876 /* detailsScreen.swift in Sources */,
				8E91E44127AE5CDC006AB922 /* Constants.swift in Sources */,
				8E91E43827AE4E00006AB922 /* SignUpViewController.swift in Sources */,
				8EF6621527497332004EF648 /* ViewController.swift in Sources */,
				8EF6621127497332004EF648 /* AppDelegate.swift in Sources */,
				8E91E43A27AE4E13006AB922 /* LoginViewController.swift in Sources */,
				8E91E44627AE60BA006AB922 /* WelcomeViewController.swift in Sources */,
				8E91E43C27AE4FDF006AB922 /* HomeViewController.swift in Sources */,
				8E25E63A2754045500B9E876 /* ListContentTableViewCell.swift in Sources */,
				8EF6621327497332004EF648 /* SceneDelegate.swift in Sources */,
				8E91E43F27AE5CD3006AB922 /* Utilities.swift in Sources */,
				8E25E638275401FF00B9E876 /* ListContent.swift in Sources */,
			);
			runOnlyForDeploymentPostprocessing = 0;
		};
/* End PBXSourcesBuildPhase section */

/* Begin PBXVariantGroup section */
		8EF6621627497332004EF648 /* Main.storyboard */ = {
			isa = PBXVariantGroup;
			children = (
				8EF6621727497332004EF648 /* Base */,
			);
			name = Main.storyboard;
			sourceTree = "<group>";
		};
		8EF6621B27497333004EF648 /* LaunchScreen.storyboard */ = {
			isa = PBXVariantGroup;
			children = (
				8EF6621C27497333004EF648 /* Base */,
			);
			name = LaunchScreen.storyboard;
			sourceTree = "<group>";
		};
/* End PBXVariantGroup section */

/* Begin XCBuildConfiguration section */
		8EF6621F27497333004EF648 /* Debug */ = {
			isa = XCBuildConfiguration;
			buildSettings = {
				ALWAYS_SEARCH_USER_PATHS = NO;
				CLANG_ANALYZER_NONNULL = YES;
				CLANG_ANALYZER_NUMBER_OBJECT_CONVERSION = YES_AGGRESSIVE;
				CLANG_CXX_LANGUAGE_STANDARD = "gnu++17";
				CLANG_CXX_LIBRARY = "libc++";
				CLANG_ENABLE_MODULES = YES;
				CLANG_ENABLE_OBJC_ARC = YES;
				CLANG_ENABLE_OBJC_WEAK = YES;
				CLANG_WARN_BLOCK_CAPTURE_AUTORELEASING = YES;
				CLANG_WARN_BOOL_CONVERSION = YES;
				CLANG_WARN_COMMA = YES;
				CLANG_WARN_CONSTANT_CONVERSION = YES;
				CLANG_WARN_DEPRECATED_OBJC_IMPLEMENTATIONS = YES;
				CLANG_WARN_DIRECT_OBJC_ISA_USAGE = YES_ERROR;
				CLANG_WARN_DOCUMENTATION_COMMENTS = YES;
				CLANG_WARN_EMPTY_BODY = YES;
				CLANG_WARN_ENUM_CONVERSION = YES;
				CLANG_WARN_INFINITE_RECURSION = YES;
				CLANG_WARN_INT_CONVERSION = YES;
				CLANG_WARN_NON_LITERAL_NULL_CONVERSION = YES;
				CLANG_WARN_OBJC_IMPLICIT_RETAIN_SELF = YES;
				CLANG_WARN_OBJC_LITERAL_CONVERSION = YES;
				CLANG_WARN_OBJC_ROOT_CLASS = YES_ERROR;
				CLANG_WARN_QUOTED_INCLUDE_IN_FRAMEWORK_HEADER = YES;
				CLANG_WARN_RANGE_LOOP_ANALYSIS = YES;
				CLANG_WARN_STRICT_PROTOTYPES = YES;
				CLANG_WARN_SUSPICIOUS_MOVE = YES;
				CLANG_WARN_UNGUARDED_AVAILABILITY = YES_AGGRESSIVE;
				CLANG_WARN_UNREACHABLE_CODE = YES;
				CLANG_WARN__DUPLICATE_METHOD_MATCH = YES;
				COPY_PHASE_STRIP = NO;
				DEBUG_INFORMATION_FORMAT = dwarf;
				ENABLE_STRICT_OBJC_MSGSEND = YES;
				ENABLE_TESTABILITY = YES;
				GCC_C_LANGUAGE_STANDARD = gnu11;
				GCC_DYNAMIC_NO_PIC = NO;
				GCC_NO_COMMON_BLOCKS = YES;
				GCC_OPTIMIZATION_LEVEL = 0;
				GCC_PREPROCESSOR_DEFINITIONS = (
					"DEBUG=1",
					"$(inherited)",
				);
				GCC_WARN_64_TO_32_BIT_CONVERSION = YES;
				GCC_WARN_ABOUT_RETURN_TYPE = YES_ERROR;
				GCC_WARN_UNDECLARED_SELECTOR = YES;
				GCC_WARN_UNINITIALIZED_AUTOS = YES_AGGRESSIVE;
				GCC_WARN_UNUSED_FUNCTION = YES;
				GCC_WARN_UNUSED_VARIABLE = YES;
				IPHONEOS_DEPLOYMENT_TARGET = 15.0;
				MTL_ENABLE_DEBUG_INFO = INCLUDE_SOURCE;
				MTL_FAST_MATH = YES;
				ONLY_ACTIVE_ARCH = YES;
				SDKROOT = iphoneos;
				SWIFT_ACTIVE_COMPILATION_CONDITIONS = DEBUG;
				SWIFT_OPTIMIZATION_LEVEL = "-Onone";
			};
			name = Debug;
		};
		8EF6622027497333004EF648 /* Release */ = {
			isa = XCBuildConfiguration;
			buildSettings = {
				ALWAYS_SEARCH_USER_PATHS = NO;
				CLANG_ANALYZER_NONNULL = YES;
				CLANG_ANALYZER_NUMBER_OBJECT_CONVERSION = YES_AGGRESSIVE;
				CLANG_CXX_LANGUAGE_STANDARD = "gnu++17";
				CLANG_CXX_LIBRARY = "libc++";
				CLANG_ENABLE_MODULES = YES;
				CLANG_ENABLE_OBJC_ARC = YES;
				CLANG_ENABLE_OBJC_WEAK = YES;
				CLANG_WARN_BLOCK_CAPTURE_AUTORELEASING = YES;
				CLANG_WARN_BOOL_CONVERSION = YES;
				CLANG_WARN_COMMA = YES;
				CLANG_WARN_CONSTANT_CONVERSION = YES;
				CLANG_WARN_DEPRECATED_OBJC_IMPLEMENTATIONS = YES;
				CLANG_WARN_DIRECT_OBJC_ISA_USAGE = YES_ERROR;
				CLANG_WARN_DOCUMENTATION_COMMENTS = YES;
				CLANG_WARN_EMPTY_BODY = YES;
				CLANG_WARN_ENUM_CONVERSION = YES;
				CLANG_WARN_INFINITE_RECURSION = YES;
				CLANG_WARN_INT_CONVERSION = YES;
				CLANG_WARN_NON_LITERAL_NULL_CONVERSION = YES;
				CLANG_WARN_OBJC_IMPLICIT_RETAIN_SELF = YES;
				CLANG_WARN_OBJC_LITERAL_CONVERSION = YES;
				CLANG_WARN_OBJC_ROOT_CLASS = YES_ERROR;
				CLANG_WARN_QUOTED_INCLUDE_IN_FRAMEWORK_HEADER = YES;
				CLANG_WARN_RANGE_LOOP_ANALYSIS = YES;
				CLANG_WARN_STRICT_PROTOTYPES = YES;
				CLANG_WARN_SUSPICIOUS_MOVE = YES;
				CLANG_WARN_UNGUARDED_AVAILABILITY = YES_AGGRESSIVE;
				CLANG_WARN_UNREACHABLE_CODE = YES;
				CLANG_WARN__DUPLICATE_METHOD_MATCH = YES;
				COPY_PHASE_STRIP = NO;
				DEBUG_INFORMATION_FORMAT = "dwarf-with-dsym";
				ENABLE_NS_ASSERTIONS = NO;
				ENABLE_STRICT_OBJC_MSGSEND = YES;
				GCC_C_LANGUAGE_STANDARD = gnu11;
				GCC_NO_COMMON_BLOCKS = YES;
				GCC_WARN_64_TO_32_BIT_CONVERSION = YES;
				GCC_WARN_ABOUT_RETURN_TYPE = YES_ERROR;
				GCC_WARN_UNDECLARED_SELECTOR = YES;
				GCC_WARN_UNINITIALIZED_AUTOS = YES_AGGRESSIVE;
				GCC_WARN_UNUSED_FUNCTION = YES;
				GCC_WARN_UNUSED_VARIABLE = YES;
				IPHONEOS_DEPLOYMENT_TARGET = 15.0;
				MTL_ENABLE_DEBUG_INFO = NO;
				MTL_FAST_MATH = YES;
				SDKROOT = iphoneos;
				SWIFT_COMPILATION_MODE = wholemodule;
				SWIFT_OPTIMIZATION_LEVEL = "-O";
				VALIDATE_PRODUCT = YES;
			};
			name = Release;
		};
		8EF6622227497333004EF648 /* Debug */ = {
			isa = XCBuildConfiguration;
			buildSettings = {
				ASSETCATALOG_COMPILER_APPICON_NAME = AppIcon;
				ASSETCATALOG_COMPILER_GLOBAL_ACCENT_COLOR_NAME = AccentColor;
				CODE_SIGN_STYLE = Automatic;
				CURRENT_PROJECT_VERSION = 1;
				DEVELOPMENT_TEAM = N6H45T78WA;
				GENERATE_INFOPLIST_FILE = YES;
				INFOPLIST_FILE = EdmontonXplore/Info.plist;
				INFOPLIST_KEY_UIApplicationSupportsIndirectInputEvents = YES;
				INFOPLIST_KEY_UILaunchStoryboardName = LaunchScreen;
				INFOPLIST_KEY_UIMainStoryboardFile = Main;
				INFOPLIST_KEY_UISupportedInterfaceOrientations_iPad = "UIInterfaceOrientationPortrait UIInterfaceOrientationPortraitUpsideDown UIInterfaceOrientationLandscapeLeft UIInterfaceOrientationLandscapeRight";
				INFOPLIST_KEY_UISupportedInterfaceOrientations_iPhone = "UIInterfaceOrientationPortrait UIInterfaceOrientationLandscapeLeft UIInterfaceOrientationLandscapeRight";
				IPHONEOS_DEPLOYMENT_TARGET = 13.0;
				LD_RUNPATH_SEARCH_PATHS = (
					"$(inherited)",
					"@executable_path/Frameworks",
				);
				MARKETING_VERSION = 1.0;
				PRODUCT_BUNDLE_IDENTIFIER = ca.georgian.sandeepsingh.EdmontonXplore;
				PRODUCT_NAME = "$(TARGET_NAME)";
				SWIFT_EMIT_LOC_STRINGS = YES;
				SWIFT_VERSION = 5.0;
				TARGETED_DEVICE_FAMILY = "1,2";
			};
			name = Debug;
		};
		8EF6622327497333004EF648 /* Release */ = {
			isa = XCBuildConfiguration;
			buildSettings = {
				ASSETCATALOG_COMPILER_APPICON_NAME = AppIcon;
				ASSETCATALOG_COMPILER_GLOBAL_ACCENT_COLOR_NAME = AccentColor;
				CODE_SIGN_STYLE = Automatic;
				CURRENT_PROJECT_VERSION = 1;
				DEVELOPMENT_TEAM = N6H45T78WA;
				GENERATE_INFOPLIST_FILE = YES;
				INFOPLIST_FILE = EdmontonXplore/Info.plist;
				INFOPLIST_KEY_UIApplicationSupportsIndirectInputEvents = YES;
				INFOPLIST_KEY_UILaunchStoryboardName = LaunchScreen;
				INFOPLIST_KEY_UIMainStoryboardFile = Main;
				INFOPLIST_KEY_UISupportedInterfaceOrientations_iPad = "UIInterfaceOrientationPortrait UIInterfaceOrientationPortraitUpsideDown UIInterfaceOrientationLandscapeLeft UIInterfaceOrientationLandscapeRight";
				INFOPLIST_KEY_UISupportedInterfaceOrientations_iPhone = "UIInterfaceOrientationPortrait UIInterfaceOrientationLandscapeLeft UIInterfaceOrientationLandscapeRight";
				IPHONEOS_DEPLOYMENT_TARGET = 13.0;
				LD_RUNPATH_SEARCH_PATHS = (
					"$(inherited)",
					"@executable_path/Frameworks",
				);
				MARKETING_VERSION = 1.0;
				PRODUCT_BUNDLE_IDENTIFIER = ca.georgian.sandeepsingh.EdmontonXplore;
				PRODUCT_NAME = "$(TARGET_NAME)";
				SWIFT_EMIT_LOC_STRINGS = YES;
				SWIFT_VERSION = 5.0;
				TARGETED_DEVICE_FAMILY = "1,2";
			};
			name = Release;
		};
/* End XCBuildConfiguration section */

/* Begin XCConfigurationList section */
		8EF6620827497332004EF648 /* Build configuration list for PBXProject "EdmontonXplore" */ = {
			isa = XCConfigurationList;
			buildConfigurations = (
				8EF6621F27497333004EF648 /* Debug */,
				8EF6622027497333004EF648 /* Release */,
			);
			defaultConfigurationIsVisible = 0;
			defaultConfigurationName = Release;
		};
		8EF6622127497333004EF648 /* Build configuration list for PBXNativeTarget "EdmontonXplore" */ = {
			isa = XCConfigurationList;
			buildConfigurations = (
				8EF6622227497333004EF648 /* Debug */,
				8EF6622327497333004EF648 /* Release */,
			);
			defaultConfigurationIsVisible = 0;
			defaultConfigurationName = Release;
		};
/* End XCConfigurationList section */

/* Begin XCRemoteSwiftPackageReference section */
		8E31B28927AFC09200257689 /* XCRemoteSwiftPackageReference "firebase-ios-sdk" */ = {
			isa = XCRemoteSwiftPackageReference;
			repositoryURL = "https://github.com/firebase/firebase-ios-sdk";
			requirement = {
				kind = upToNextMajorVersion;
				minimumVersion = 8.0.0;
			};
		};
/* End XCRemoteSwiftPackageReference section */

/* Begin XCSwiftPackageProductDependency section */
		8E31B28A27AFC09200257689 /* FirebaseAnalytics */ = {
			isa = XCSwiftPackageProductDependency;
			package = 8E31B28927AFC09200257689 /* XCRemoteSwiftPackageReference "firebase-ios-sdk" */;
			productName = FirebaseAnalytics;
		};
		8E31B28C27AFC09200257689 /* FirebaseAnalyticsWithoutAdIdSupport */ = {
			isa = XCSwiftPackageProductDependency;
			package = 8E31B28927AFC09200257689 /* XCRemoteSwiftPackageReference "firebase-ios-sdk" */;
			productName = FirebaseAnalyticsWithoutAdIdSupport;
		};
		8E31B28E27AFC09300257689 /* FirebaseAuth */ = {
			isa = XCSwiftPackageProductDependency;
			package = 8E31B28927AFC09200257689 /* XCRemoteSwiftPackageReference "firebase-ios-sdk" */;
			productName = FirebaseAuth;
		};
		8E31B29027AFC09300257689 /* FirebaseFirestore */ = {
			isa = XCSwiftPackageProductDependency;
			package = 8E31B28927AFC09200257689 /* XCRemoteSwiftPackageReference "firebase-ios-sdk" */;
			productName = FirebaseFirestore;
		};
/* End XCSwiftPackageProductDependency section */
	};
	rootObject = 8EF6620527497332004EF648 /* Project object */;
}
